
Microsoft Visual Studio Solution File, Format Version 11.00
# Visual Studio 2010
Project("{FAE04EC0-301F-11D3-BF4B-00C04F79EFBC}") = "jQueryUI", "jQueryUI\jQueryUI.csproj", "{F32FF9B0-6EC7-4044-882F-CB1F8E780803}"
EndProject
Project("{2150E333-8FDC-42A3-9474-1A3956D46DE8}") = "Solution Items", "Solution Items", "{EEBACEE4-04F7-43B3-81D2-E6A8F96A9C06}"
	ProjectSection(SolutionItems) = preProject
		..\.gitignore = ..\.gitignore
		..\README = ..\README
	EndProjectSection
EndProject
Global
	GlobalSection(SolutionConfigurationPlatforms) = preSolution
		Debug|Any CPU = Debug|Any CPU
		Release|Any CPU = Release|Any CPU
	EndGlobalSection
	GlobalSection(ProjectConfigurationPlatforms) = postSolution
		{F32FF9B0-6EC7-4044-882F-CB1F8E780803}.Debug|Any CPU.ActiveCfg = Debug|Any CPU
		{F32FF9B0-6EC7-4044-882F-CB1F8E780803}.Debug|Any CPU.Build.0 = Debug|Any CPU
		{F32FF9B0-6EC7-4044-882F-CB1F8E780803}.Release|Any CPU.ActiveCfg = Release|Any CPU
		{F32FF9B0-6EC7-4044-882F-CB1F8E780803}.Release|Any CPU.Build.0 = Release|Any CPU
	EndGlobalSection
	GlobalSection(SolutionProperties) = preSolution
		HideSolutionNode = FALSE
	EndGlobalSection
EndGlobal
